
Microsoft Visual Studio Solution File, Format Version 12.00
# Visual Studio Version 16
VisualStudioVersion = 16.0.28721.148
MinimumVisualStudioVersion = 10.0.40219.1
Project("{FAE04EC0-301F-11D3-BF4B-00C04F79EFBC}") = "Mvc5IdentityAuthorize", "Mvc5IdentityAuthorize\Mvc5IdentityAuthorize.csproj", "{C12D2438-844E-403A-AB57-2BFDCEBBA4BC}"
EndProject
Global
	GlobalSection(SolutionConfigurationPlatforms) = preSolution
		Debug|Any CPU = Debug|Any CPU
		Release|Any CPU = Release|Any CPU
	EndGlobalSection
	GlobalSection(ProjectConfigurationPlatforms) = postSolution
		{C12D2438-844E-403A-AB57-2BFDCEBBA4BC}.Debug|Any CPU.ActiveCfg = Debug|Any CPU
		{C12D2438-844E-403A-AB57-2BFDCEBBA4BC}.Debug|Any CPU.Build.0 = Debug|Any CPU
		{C12D2438-844E-403A-AB57-2BFDCEBBA4BC}.Release|Any CPU.ActiveCfg = Release|Any CPU
		{C12D2438-844E-403A-AB57-2BFDCEBBA4BC}.Release|Any CPU.Build.0 = Release|Any CPU
	EndGlobalSection
	GlobalSection(SolutionProperties) = preSolution
		HideSolutionNode = FALSE
	EndGlobalSection
	GlobalSection(ExtensibilityGlobals) = postSolution
		SolutionGuid = {64EBA014-D792-44C4-9A52-46AB30EB7BCD}
	EndGlobalSection
EndGlobal
