
Microsoft Visual Studio Solution File, Format Version 12.00
# Visual Studio 15
VisualStudioVersion = 15.0.26730.12
MinimumVisualStudioVersion = 10.0.40219.1
Project("{FAE04EC0-301F-11D3-BF4B-00C04F79EFBC}") = "MvcMobileWeb", "MvcMobileWeb\MvcMobileWeb.csproj", "{D8805D88-9E4E-4DF3-AC02-0CF8B65D3AF1}"
EndProject
Global
	GlobalSection(SolutionConfigurationPlatforms) = preSolution
		Debug|Any CPU = Debug|Any CPU
		Release|Any CPU = Release|Any CPU
	EndGlobalSection
	GlobalSection(ProjectConfigurationPlatforms) = postSolution
		{D8805D88-9E4E-4DF3-AC02-0CF8B65D3AF1}.Debug|Any CPU.ActiveCfg = Debug|Any CPU
		{D8805D88-9E4E-4DF3-AC02-0CF8B65D3AF1}.Debug|Any CPU.Build.0 = Debug|Any CPU
		{D8805D88-9E4E-4DF3-AC02-0CF8B65D3AF1}.Release|Any CPU.ActiveCfg = Release|Any CPU
		{D8805D88-9E4E-4DF3-AC02-0CF8B65D3AF1}.Release|Any CPU.Build.0 = Release|Any CPU
	EndGlobalSection
	GlobalSection(SolutionProperties) = preSolution
		HideSolutionNode = FALSE
	EndGlobalSection
	GlobalSection(ExtensibilityGlobals) = postSolution
		SolutionGuid = {DAD2B0F1-DCCC-48A8-9779-22A06BC4E6D1}
	EndGlobalSection
EndGlobal
